# herdr-lazy lock — resolved plugin set at last sync.
# Each `owner/repo@commit` reproduces exactly via `plugin install --ref`.
# Commits come from herdr's own `source.resolved_commit`.

ChmaraX/herdr-nvim@e652ebf7b3d6713992e68a30aec588822e69fae5
fullerzz/herdr-plugin-sesh@a73448214a2b2816549f92be8d73610c9234a457
jeffarese/herdr-bar@b57aa342f88f9db78f3deb20629ccebf162a6f57
crokily/herdr-lazygit@a13e12c99e5e469edd73165cabba413c2a2fd698
sagmans/herdr-pickers@debd61a85ea79262ad06108372370d631df9665a
iurysza/herdr-pane-layouts@0ef0a8d5d463757f06037551fc1f5ef6dfde478d
alvinunreal/oh-my-opencode-slim@7a1c811f142813615774bc7e0bbe544ce6826445
speardragon/herdr-yazi@54aa4e6dff480189630fa3593146cdcc2768ade9
speardragon/herdr-plugin-manager@abba90a6b8cc414cbc70e76e7bf4ff721c7a9bf9
retroaalto/herdr-smartnav@c5b8d869550f4556c384765b2a758c8a471f861b
trapple/herdr-focus@03dca4fc67ac19ad81e6d990122d19001b821b32
paulbkim-dev/vim-herdr-navigation@79679dacc791f70fc34de8b29a3cf9706c0f5b2f
willfish/herdr-navigator@6fe572538a86287a8076e0580bbe217c369f8c24
third774/herdr-last-workspace@8b55ebf15deaa52b49ff1c2500aab0c19c729420
